
Microsoft Visual Studio Solution File, Format Version 12.00
# Visual Studio Version 16
VisualStudioVersion = 16.0.31624.102
MinimumVisualStudioVersion = 10.0.40219.1
Project("{8BC9CEB8-8B4A-11D0-8D11-00A0C91BC942}") = "MyGame", "MyGame\MyGame.vcxproj", "{EC51A679-34DD-46A4-B12F-7C793BEF4B31}"
EndProject
Project("{8BC9CEB8-8B4A-11D0-8D11-00A0C91BC942}") = "Boba", "Boba\Boba.vcxproj", "{3A8D7BAE-B19F-4F76-80C1-A4AD98083372}"
EndProject
Project("{8BC9CEB8-8B4A-11D0-8D11-00A0C91BC942}") = "glfw", "glfw\build\src\glfw.vcxproj", "{37E8C4C2-C7D5-354C-AFF5-15F07EFB2D84}"
EndProject
Project("{8BC9CEB8-8B4A-11D0-8D11-00A0C91BC942}") = "glad", "glad\glad.vcxproj", "{75F6D155-79EB-476C-A16B-2213B1F62A89}"
EndProject
Project("{8BC9CEB8-8B4A-11D0-8D11-00A0C91BC942}") = "stbi", "stbi\stbi.vcxproj", "{5177D51E-7F45-407A-A9D1-12BA4A70525D}"
EndProject
Global
	GlobalSection(SolutionConfigurationPlatforms) = preSolution
		Debug|x64 = Debug|x64
		MinSizeRel|x64 = MinSizeRel|x64
		Release|x64 = Release|x64
		RelWithDebInfo|x64 = RelWithDebInfo|x64
	EndGlobalSection
	GlobalSection(ProjectConfigurationPlatforms) = postSolution
		{EC51A679-34DD-46A4-B12F-7C793BEF4B31}.Debug|x64.ActiveCfg = Debug|x64
		{EC51A679-34DD-46A4-B12F-7C793BEF4B31}.Debug|x64.Build.0 = Debug|x64
		{EC51A679-34DD-46A4-B12F-7C793BEF4B31}.MinSizeRel|x64.ActiveCfg = Release|x64
		{EC51A679-34DD-46A4-B12F-7C793BEF4B31}.MinSizeRel|x64.Build.0 = Release|x64
		{EC51A679-34DD-46A4-B12F-7C793BEF4B31}.Release|x64.ActiveCfg = Release|x64
		{EC51A679-34DD-46A4-B12F-7C793BEF4B31}.Release|x64.Build.0 = Release|x64
		{EC51A679-34DD-46A4-B12F-7C793BEF4B31}.RelWithDebInfo|x64.ActiveCfg = Release|x64
		{EC51A679-34DD-46A4-B12F-7C793BEF4B31}.RelWithDebInfo|x64.Build.0 = Release|x64
		{3A8D7BAE-B19F-4F76-80C1-A4AD98083372}.Debug|x64.ActiveCfg = Debug|x64
		{3A8D7BAE-B19F-4F76-80C1-A4AD98083372}.Debug|x64.Build.0 = Debug|x64
		{3A8D7BAE-B19F-4F76-80C1-A4AD98083372}.MinSizeRel|x64.ActiveCfg = Debug|x64
		{3A8D7BAE-B19F-4F76-80C1-A4AD98083372}.MinSizeRel|x64.Build.0 = Debug|x64
		{3A8D7BAE-B19F-4F76-80C1-A4AD98083372}.Release|x64.ActiveCfg = Release|x64
		{3A8D7BAE-B19F-4F76-80C1-A4AD98083372}.Release|x64.Build.0 = Release|x64
		{3A8D7BAE-B19F-4F76-80C1-A4AD98083372}.RelWithDebInfo|x64.ActiveCfg = Release|x64
		{3A8D7BAE-B19F-4F76-80C1-A4AD98083372}.RelWithDebInfo|x64.Build.0 = Release|x64
		{37E8C4C2-C7D5-354C-AFF5-15F07EFB2D84}.Debug|x64.ActiveCfg = Debug|x64
		{37E8C4C2-C7D5-354C-AFF5-15F07EFB2D84}.Debug|x64.Build.0 = Debug|x64
		{37E8C4C2-C7D5-354C-AFF5-15F07EFB2D84}.MinSizeRel|x64.ActiveCfg = MinSizeRel|x64
		{37E8C4C2-C7D5-354C-AFF5-15F07EFB2D84}.MinSizeRel|x64.Build.0 = MinSizeRel|x64
		{37E8C4C2-C7D5-354C-AFF5-15F07EFB2D84}.Release|x64.ActiveCfg = Release|x64
		{37E8C4C2-C7D5-354C-AFF5-15F07EFB2D84}.Release|x64.Build.0 = Release|x64
		{37E8C4C2-C7D5-354C-AFF5-15F07EFB2D84}.RelWithDebInfo|x64.ActiveCfg = RelWithDebInfo|x64
		{37E8C4C2-C7D5-354C-AFF5-15F07EFB2D84}.RelWithDebInfo|x64.Build.0 = RelWithDebInfo|x64
		{75F6D155-79EB-476C-A16B-2213B1F62A89}.Debug|x64.ActiveCfg = Debug|x64
		{75F6D155-79EB-476C-A16B-2213B1F62A89}.Debug|x64.Build.0 = Debug|x64
		{75F6D155-79EB-476C-A16B-2213B1F62A89}.MinSizeRel|x64.ActiveCfg = Debug|x64
		{75F6D155-79EB-476C-A16B-2213B1F62A89}.MinSizeRel|x64.Build.0 = Debug|x64
		{75F6D155-79EB-476C-A16B-2213B1F62A89}.Release|x64.ActiveCfg = Release|x64
		{75F6D155-79EB-476C-A16B-2213B1F62A89}.Release|x64.Build.0 = Release|x64
		{75F6D155-79EB-476C-A16B-2213B1F62A89}.RelWithDebInfo|x64.ActiveCfg = Release|x64
		{75F6D155-79EB-476C-A16B-2213B1F62A89}.RelWithDebInfo|x64.Build.0 = Release|x64
		{5177D51E-7F45-407A-A9D1-12BA4A70525D}.Debug|x64.ActiveCfg = Debug|x64
		{5177D51E-7F45-407A-A9D1-12BA4A70525D}.Debug|x64.Build.0 = Debug|x64
		{5177D51E-7F45-407A-A9D1-12BA4A70525D}.MinSizeRel|x64.ActiveCfg = Debug|x64
		{5177D51E-7F45-407A-A9D1-12BA4A70525D}.MinSizeRel|x64.Build.0 = Debug|x64
		{5177D51E-7F45-407A-A9D1-12BA4A70525D}.Release|x64.ActiveCfg = Release|x64
		{5177D51E-7F45-407A-A9D1-12BA4A70525D}.Release|x64.Build.0 = Release|x64
		{5177D51E-7F45-407A-A9D1-12BA4A70525D}.RelWithDebInfo|x64.ActiveCfg = Release|x64
		{5177D51E-7F45-407A-A9D1-12BA4A70525D}.RelWithDebInfo|x64.Build.0 = Release|x64
	EndGlobalSection
	GlobalSection(SolutionProperties) = preSolution
		HideSolutionNode = FALSE
	EndGlobalSection
	GlobalSection(ExtensibilityGlobals) = postSolution
		SolutionGuid = {97A865F4-2496-4D66-A7A5-739840B12C94}
	EndGlobalSection
EndGlobal
