<?xml version="1.0" encoding="utf-8"?>
<Project ToolsVersion="4.0" xmlns="http://schemas.microsoft.com/developer/msbuild/2003">
  <ItemGroup>
    <Filter Include="Source Files">
      <UniqueIdentifier>{4FC737F1-C7A5-4376-A066-2A32D752A2FF}</UniqueIdentifier>
      <Extensions>cpp;c;cc;cxx;c++;cppm;ixx;def;odl;idl;hpj;bat;asm;asmx</Extensions>
    </Filter>
    <Filter Include="Header Files">
      <UniqueIdentifier>{93995380-89BD-4b04-88EB-625FBE52EBFB}</UniqueIdentifier>
      <Extensions>h;hh;hpp;hxx;h++;hm;inl;inc;ipp;xsd</Extensions>
    </Filter>
    <Filter Include="Resource Files">
      <UniqueIdentifier>{67DA6AB6-F800-4c08-8B7A-83BB121AAD01}</UniqueIdentifier>
      <Extensions>rc;ico;cur;bmp;dlg;rc2;rct;bin;rgs;gif;jpg;jpeg;jpe;resx;tiff;tif;png;wav;mfcribbon-ms</Extensions>
    </Filter>
  </ItemGroup>
  <ItemGroup>
    <ClInclude Include="Boba.h">
      <Filter>Header Files</Filter>
    </ClInclude>
    <ClInclude Include="BobaApp.h">
      <Filter>Header Files</Filter>
    </ClInclude>
    <ClInclude Include="BobaUtils.h">
      <Filter>Header Files</Filter>
    </ClInclude>
    <ClInclude Include="pch.h">
      <Filter>Header Files</Filter>
    </ClInclude>
    <ClInclude Include="BobaWindow.h">
      <Filter>Header Files</Filter>
    </ClInclude>
    <ClInclude Include="BobaWindowImplementation.h">
      <Filter>Header Files</Filter>
    </ClInclude>
    <ClInclude Include="GLFWimport\GLFW_implementation.h">
      <Filter>Header Files</Filter>
    </ClInclude>
    <ClInclude Include="BobaSprite.h">
      <Filter>Header Files</Filter>
    </ClInclude>
    <ClInclude Include="BobaSpriteImplementation.h">
      <Filter>Header Files</Filter>
    </ClInclude>
    <ClInclude Include="OpenGLimport\OpenGLBobaSprite.h">
      <Filter>Header Files</Filter>
    </ClInclude>
    <ClInclude Include="BobaShader.h">
      <Filter>Header Files</Filter>
    </ClInclude>
    <ClInclude Include="BobaShaderImplementation.h">
      <Filter>Header Files</Filter>
    </ClInclude>
    <ClInclude Include="OpenGLimport\OpenGLShader.h">
      <Filter>Header Files</Filter>
    </ClInclude>
    <ClInclude Include="BobaRenderer.h">
      <Filter>Header Files</Filter>
    </ClInclude>
    <ClInclude Include="BobaRendererImplementation.h">
      <Filter>Header Files</Filter>
    </ClInclude>
    <ClInclude Include="OpenGLimport\OpenGLRenderer.h">
      <Filter>Header Files</Filter>
    </ClInclude>
  </ItemGroup>
  <ItemGroup>
    <ClCompile Include="BobaApp.cpp">
      <Filter>Source Files</Filter>
    </ClCompile>
    <ClCompile Include="pch.cpp">
      <Filter>Source Files</Filter>
    </ClCompile>
    <ClCompile Include="BobaWindow.cpp">
      <Filter>Source Files</Filter>
    </ClCompile>
    <ClCompile Include="BobaWindowImplementation.cpp">
      <Filter>Source Files</Filter>
    </ClCompile>
    <ClCompile Include="GLFWimport\GLFW_implementation.cpp">
      <Filter>Source Files</Filter>
    </ClCompile>
    <ClCompile Include="BobaSprite.cpp">
      <Filter>Source Files</Filter>
    </ClCompile>
    <ClCompile Include="OpenGLimport\OpenGLBobaSprite.cpp">
      <Filter>Source Files</Filter>
    </ClCompile>
    <ClCompile Include="BobaShader.cpp">
      <Filter>Source Files</Filter>
    </ClCompile>
    <ClCompile Include="OpenGLimport\OpenGLShader.cpp">
      <Filter>Source Files</Filter>
    </ClCompile>
    <ClCompile Include="BobaRenderer.cpp">
      <Filter>Source Files</Filter>
    </ClCompile>
    <ClCompile Include="OpenGLimport\OpenGLRenderer.cpp">
      <Filter>Source Files</Filter>
    </ClCompile>
  </ItemGroup>
</Project>